
Microsoft Visual Studio Solution File, Format Version 12.00
# Visual Studio 15
VisualStudioVersion = 15.0.27703.2047
MinimumVisualStudioVersion = 10.0.40219.1
Project("{FAE04EC0-301F-11D3-BF4B-00C04F79EFBC}") = "Ejercicio1", "Ejercicio1\Ejercicio1.csproj", "{771DF894-CBF6-40DD-8250-1E5E443D659C}"
EndProject
Global
	GlobalSection(SolutionConfigurationPlatforms) = preSolution
		Debug|Any CPU = Debug|Any CPU
		Release|Any CPU = Release|Any CPU
	EndGlobalSection
	GlobalSection(ProjectConfigurationPlatforms) = postSolution
		{771DF894-CBF6-40DD-8250-1E5E443D659C}.Debug|Any CPU.ActiveCfg = Debug|Any CPU
		{771DF894-CBF6-40DD-8250-1E5E443D659C}.Debug|Any CPU.Build.0 = Debug|Any CPU
		{771DF894-CBF6-40DD-8250-1E5E443D659C}.Release|Any CPU.ActiveCfg = Release|Any CPU
		{771DF894-CBF6-40DD-8250-1E5E443D659C}.Release|Any CPU.Build.0 = Release|Any CPU
	EndGlobalSection
	GlobalSection(SolutionProperties) = preSolution
		HideSolutionNode = FALSE
	EndGlobalSection
	GlobalSection(ExtensibilityGlobals) = postSolution
		SolutionGuid = {EA46B245-7BF0-43CF-BA55-74E9354B2D2C}
	EndGlobalSection
EndGlobal
